// !$*UTF8*$!
{
	archiveVersion = 1;
	classes = {
	};
	objectVersion = 56;
	objects = {

/* Begin PBXBuildFile section */
		2A54A2FD2C5ECD2900D657BC /* castr.swift in Sources */ = {isa = PBXBuildFile; fileRef = 2A54A2FC2C5ECD2900D657BC /* castr.swift */; };
		2A54A3012C5ECD2B00D657BC /* Assets.xcassets in Resources */ = {isa = PBXBuildFile; fileRef = 2A54A3002C5ECD2B00D657BC /* Assets.xcassets */; };
		2A54A3042C5ECD2B00D657BC /* Preview Assets.xcassets in Resources */ = {isa = PBXBuildFile; fileRef = 2A54A3032C5ECD2B00D657BC /* Preview Assets.xcassets */; };
		2A54A30D2C5ED7B300D657BC /* view-Toolbar.swift in Sources */ = {isa = PBXBuildFile; fileRef = 2A54A30C2C5ED7B300D657BC /* view-Toolbar.swift */; };
		2A54A3122C5EFDB800D657BC /* view-Panel.swift in Sources */ = {isa = PBXBuildFile; fileRef = 2A54A3112C5EFDB800D657BC /* view-Panel.swift */; };
		2A54A3172C5F096C00D657BC /* ContentView.swift in Sources */ = {isa = PBXBuildFile; fileRef = 2A54A3162C5F096C00D657BC /* ContentView.swift */; };
		2A54A31D2C5F1A6400D657BC /* view-ScenesPanel.swift in Sources */ = {isa = PBXBuildFile; fileRef = 2A54A31C2C5F1A6400D657BC /* view-ScenesPanel.swift */; };
		2A54A31F2C5F367700D657BC /* view-SourceConfigurationPanel.swift in Sources */ = {isa = PBXBuildFile; fileRef = 2A54A31E2C5F367700D657BC /* view-SourceConfigurationPanel.swift */; };
		2A54A3222C5F37D300D657BC /* style-Text.swift in Sources */ = {isa = PBXBuildFile; fileRef = 2A54A3212C5F37D300D657BC /* style-Text.swift */; };
		2A54A3242C5F38E600D657BC /* style-Spacer.swift in Sources */ = {isa = PBXBuildFile; fileRef = 2A54A3232C5F38E600D657BC /* style-Spacer.swift */; };
		2A54A3262C5F3F7600D657BC /* view-SourcesPanel.swift in Sources */ = {isa = PBXBuildFile; fileRef = 2A54A3252C5F3F7600D657BC /* view-SourcesPanel.swift */; };
		2A54A3282C5F3FA000D657BC /* view-ControlsPanel.swift in Sources */ = {isa = PBXBuildFile; fileRef = 2A54A3272C5F3FA000D657BC /* view-ControlsPanel.swift */; };
		2A54A32A2C5F428400D657BC /* view-Previewer.swift in Sources */ = {isa = PBXBuildFile; fileRef = 2A54A3292C5F428400D657BC /* view-Previewer.swift */; };
		2A54A32D2C5FF73100D657BC /* view-ScreenCaptureConfiguration.swift in Sources */ = {isa = PBXBuildFile; fileRef = 2A54A32C2C5FF73100D657BC /* view-ScreenCaptureConfiguration.swift */; };
		2A54A32F2C5FF78900D657BC /* view-WindowCaptureConfiguration.swift in Sources */ = {isa = PBXBuildFile; fileRef = 2A54A32E2C5FF78900D657BC /* view-WindowCaptureConfiguration.swift */; };
		2A54A3312C5FF8D700D657BC /* view-SystemAudioCaptureConfiguration.swift in Sources */ = {isa = PBXBuildFile; fileRef = 2A54A3302C5FF8D700D657BC /* view-SystemAudioCaptureConfiguration.swift */; };
		2A54A3342C60239D00D657BC /* state-Scenes.swift in Sources */ = {isa = PBXBuildFile; fileRef = 2A54A3332C60239D00D657BC /* state-Scenes.swift */; };
		2A54A3362C60251C00D657BC /* model-Scene.swift in Sources */ = {isa = PBXBuildFile; fileRef = 2A54A3352C60251C00D657BC /* model-Scene.swift */; };
		2A54A3382C60395500D657BC /* state-Sources.swift in Sources */ = {isa = PBXBuildFile; fileRef = 2A54A3372C60395500D657BC /* state-Sources.swift */; };
		2A54A33B2C603E2200D657BC /* enum-Source.swift in Sources */ = {isa = PBXBuildFile; fileRef = 2A54A33A2C603E2200D657BC /* enum-Source.swift */; };
		2A54A33D2C603E9C00D657BC /* model-Source.swift in Sources */ = {isa = PBXBuildFile; fileRef = 2A54A33C2C603E9C00D657BC /* model-Source.swift */; };
		2A54A33F2C60502800D657BC /* manager-Preview.swift in Sources */ = {isa = PBXBuildFile; fileRef = 2A54A33E2C60502800D657BC /* manager-Preview.swift */; };
		2A54A3432C60594F00D657BC /* view-PreviewPanel.swift in Sources */ = {isa = PBXBuildFile; fileRef = 2A54A3422C60594F00D657BC /* view-PreviewPanel.swift */; };
		2A54A3462C60611B00D657BC /* ScreenRecorder.swift in Sources */ = {isa = PBXBuildFile; fileRef = 2A54A3452C60611B00D657BC /* ScreenRecorder.swift */; };
		2A54A3482C60619B00D657BC /* CaptureEngine.swift in Sources */ = {isa = PBXBuildFile; fileRef = 2A54A3472C60619B00D657BC /* CaptureEngine.swift */; };
		2A8D2A172C657BB400E1B5EF /* state-Global.swift in Sources */ = {isa = PBXBuildFile; fileRef = 2A8D2A162C657BB400E1B5EF /* state-Global.swift */; };
/* End PBXBuildFile section */

/* Begin PBXFileReference section */
		2A54A2F92C5ECD2900D657BC /* castr.app */ = {isa = PBXFileReference; explicitFileType = wrapper.application; includeInIndex = 0; path = castr.app; sourceTree = BUILT_PRODUCTS_DIR; };
		2A54A2FC2C5ECD2900D657BC /* castr.swift */ = {isa = PBXFileReference; lastKnownFileType = sourcecode.swift; path = castr.swift; sourceTree = "<group>"; };
		2A54A3002C5ECD2B00D657BC /* Assets.xcassets */ = {isa = PBXFileReference; lastKnownFileType = folder.assetcatalog; path = Assets.xcassets; sourceTree = "<group>"; };
		2A54A3032C5ECD2B00D657BC /* Preview Assets.xcassets */ = {isa = PBXFileReference; lastKnownFileType = folder.assetcatalog; path = "Preview Assets.xcassets"; sourceTree = "<group>"; };
		2A54A3052C5ECD2B00D657BC /* castr.entitlements */ = {isa = PBXFileReference; lastKnownFileType = text.plist.entitlements; path = castr.entitlements; sourceTree = "<group>"; };
		2A54A30C2C5ED7B300D657BC /* view-Toolbar.swift */ = {isa = PBXFileReference; lastKnownFileType = sourcecode.swift; path = "view-Toolbar.swift"; sourceTree = "<group>"; };
		2A54A3112C5EFDB800D657BC /* view-Panel.swift */ = {isa = PBXFileReference; lastKnownFileType = sourcecode.swift; path = "view-Panel.swift"; sourceTree = "<group>"; };
		2A54A3162C5F096C00D657BC /* ContentView.swift */ = {isa = PBXFileReference; lastKnownFileType = sourcecode.swift; path = ContentView.swift; sourceTree = "<group>"; };
		2A54A31C2C5F1A6400D657BC /* view-ScenesPanel.swift */ = {isa = PBXFileReference; lastKnownFileType = sourcecode.swift; path = "view-ScenesPanel.swift"; sourceTree = "<group>"; };
		2A54A31E2C5F367700D657BC /* view-SourceConfigurationPanel.swift */ = {isa = PBXFileReference; lastKnownFileType = sourcecode.swift; path = "view-SourceConfigurationPanel.swift"; sourceTree = "<group>"; };
		2A54A3212C5F37D300D657BC /* style-Text.swift */ = {isa = PBXFileReference; lastKnownFileType = sourcecode.swift; path = "style-Text.swift"; sourceTree = "<group>"; };
		2A54A3232C5F38E600D657BC /* style-Spacer.swift */ = {isa = PBXFileReference; lastKnownFileType = sourcecode.swift; path = "style-Spacer.swift"; sourceTree = "<group>"; };
		2A54A3252C5F3F7600D657BC /* view-SourcesPanel.swift */ = {isa = PBXFileReference; lastKnownFileType = sourcecode.swift; path = "view-SourcesPanel.swift"; sourceTree = "<group>"; };
		2A54A3272C5F3FA000D657BC /* view-ControlsPanel.swift */ = {isa = PBXFileReference; lastKnownFileType = sourcecode.swift; path = "view-ControlsPanel.swift"; sourceTree = "<group>"; };
		2A54A3292C5F428400D657BC /* view-Previewer.swift */ = {isa = PBXFileReference; lastKnownFileType = sourcecode.swift; path = "view-Previewer.swift"; sourceTree = "<group>"; };
		2A54A32C2C5FF73100D657BC /* view-ScreenCaptureConfiguration.swift */ = {isa = PBXFileReference; lastKnownFileType = sourcecode.swift; path = "view-ScreenCaptureConfiguration.swift"; sourceTree = "<group>"; };
		2A54A32E2C5FF78900D657BC /* view-WindowCaptureConfiguration.swift */ = {isa = PBXFileReference; lastKnownFileType = sourcecode.swift; path = "view-WindowCaptureConfiguration.swift"; sourceTree = "<group>"; };
		2A54A3302C5FF8D700D657BC /* view-SystemAudioCaptureConfiguration.swift */ = {isa = PBXFileReference; lastKnownFileType = sourcecode.swift; path = "view-SystemAudioCaptureConfiguration.swift"; sourceTree = "<group>"; };
		2A54A3332C60239D00D657BC /* state-Scenes.swift */ = {isa = PBXFileReference; lastKnownFileType = sourcecode.swift; path = "state-Scenes.swift"; sourceTree = "<group>"; };
		2A54A3352C60251C00D657BC /* model-Scene.swift */ = {isa = PBXFileReference; lastKnownFileType = sourcecode.swift; path = "model-Scene.swift"; sourceTree = "<group>"; };
		2A54A3372C60395500D657BC /* state-Sources.swift */ = {isa = PBXFileReference; lastKnownFileType = sourcecode.swift; path = "state-Sources.swift"; sourceTree = "<group>"; };
		2A54A33A2C603E2200D657BC /* enum-Source.swift */ = {isa = PBXFileReference; lastKnownFileType = sourcecode.swift; path = "enum-Source.swift"; sourceTree = "<group>"; };
		2A54A33C2C603E9C00D657BC /* model-Source.swift */ = {isa = PBXFileReference; lastKnownFileType = sourcecode.swift; path = "model-Source.swift"; sourceTree = "<group>"; };
		2A54A33E2C60502800D657BC /* manager-Preview.swift */ = {isa = PBXFileReference; lastKnownFileType = sourcecode.swift; path = "manager-Preview.swift"; sourceTree = "<group>"; };
		2A54A3422C60594F00D657BC /* view-PreviewPanel.swift */ = {isa = PBXFileReference; lastKnownFileType = sourcecode.swift; path = "view-PreviewPanel.swift"; sourceTree = "<group>"; };
		2A54A3452C60611B00D657BC /* ScreenRecorder.swift */ = {isa = PBXFileReference; lastKnownFileType = sourcecode.swift; path = ScreenRecorder.swift; sourceTree = "<group>"; };
		2A54A3472C60619B00D657BC /* CaptureEngine.swift */ = {isa = PBXFileReference; lastKnownFileType = sourcecode.swift; path = CaptureEngine.swift; sourceTree = "<group>"; };
		2A8D2A162C657BB400E1B5EF /* state-Global.swift */ = {isa = PBXFileReference; lastKnownFileType = sourcecode.swift; path = "state-Global.swift"; sourceTree = "<group>"; };
/* End PBXFileReference section */

/* Begin PBXFrameworksBuildPhase section */
		2A54A2F62C5ECD2900D657BC /* Frameworks */ = {
			isa = PBXFrameworksBuildPhase;
			buildActionMask = 2147483647;
			files = (
			);
			runOnlyForDeploymentPostprocessing = 0;
		};
/* End PBXFrameworksBuildPhase section */

/* Begin PBXGroup section */
		2A54A2F02C5ECD2900D657BC = {
			isa = PBXGroup;
			children = (
				2A54A3442C6060E000D657BC /* ScreenCapture */,
				2A54A2FB2C5ECD2900D657BC /* castr */,
				2A54A2FA2C5ECD2900D657BC /* Products */,
			);
			sourceTree = "<group>";
		};
		2A54A2FA2C5ECD2900D657BC /* Products */ = {
			isa = PBXGroup;
			children = (
				2A54A2F92C5ECD2900D657BC /* castr.app */,
			);
			name = Products;
			sourceTree = "<group>";
		};
		2A54A2FB2C5ECD2900D657BC /* castr */ = {
			isa = PBXGroup;
			children = (
				2A54A3202C5F37BF00D657BC /* Styles */,
				2A54A3392C603E0E00D657BC /* Enums */,
				2A54A3322C601AF800D657BC /* Models */,
				2A54A30E2C5EF2CA00D657BC /* State */,
				2A54A30B2C5ED7A300D657BC /* Views */,
				2A54A3162C5F096C00D657BC /* ContentView.swift */,
				2A54A2FC2C5ECD2900D657BC /* castr.swift */,
				2A54A3002C5ECD2B00D657BC /* Assets.xcassets */,
				2A54A3052C5ECD2B00D657BC /* castr.entitlements */,
				2A54A3022C5ECD2B00D657BC /* Preview Content */,
			);
			path = castr;
			sourceTree = "<group>";
		};
		2A54A3022C5ECD2B00D657BC /* Preview Content */ = {
			isa = PBXGroup;
			children = (
				2A54A3032C5ECD2B00D657BC /* Preview Assets.xcassets */,
			);
			path = "Preview Content";
			sourceTree = "<group>";
		};
		2A54A30B2C5ED7A300D657BC /* Views */ = {
			isa = PBXGroup;
			children = (
				2A54A30C2C5ED7B300D657BC /* view-Toolbar.swift */,
				2A54A3112C5EFDB800D657BC /* view-Panel.swift */,
				2A54A31C2C5F1A6400D657BC /* view-ScenesPanel.swift */,
				2A54A3252C5F3F7600D657BC /* view-SourcesPanel.swift */,
				2A54A31E2C5F367700D657BC /* view-SourceConfigurationPanel.swift */,
				2A54A32B2C5FF70500D657BC /* SourceConfiguration */,
				2A54A3272C5F3FA000D657BC /* view-ControlsPanel.swift */,
				2A54A3292C5F428400D657BC /* view-Previewer.swift */,
				2A54A3422C60594F00D657BC /* view-PreviewPanel.swift */,
			);
			path = Views;
			sourceTree = "<group>";
		};
		2A54A30E2C5EF2CA00D657BC /* State */ = {
			isa = PBXGroup;
			children = (
				2A8D2A162C657BB400E1B5EF /* state-Global.swift */,
				2A54A3332C60239D00D657BC /* state-Scenes.swift */,
				2A54A3372C60395500D657BC /* state-Sources.swift */,
				2A54A33E2C60502800D657BC /* manager-Preview.swift */,
			);
			path = State;
			sourceTree = "<group>";
		};
		2A54A3202C5F37BF00D657BC /* Styles */ = {
			isa = PBXGroup;
			children = (
				2A54A3212C5F37D300D657BC /* style-Text.swift */,
				2A54A3232C5F38E600D657BC /* style-Spacer.swift */,
			);
			path = Styles;
			sourceTree = "<group>";
		};
		2A54A32B2C5FF70500D657BC /* SourceConfiguration */ = {
			isa = PBXGroup;
			children = (
				2A54A32C2C5FF73100D657BC /* view-ScreenCaptureConfiguration.swift */,
				2A54A32E2C5FF78900D657BC /* view-WindowCaptureConfiguration.swift */,
				2A54A3302C5FF8D700D657BC /* view-SystemAudioCaptureConfiguration.swift */,
			);
			path = SourceConfiguration;
			sourceTree = "<group>";
		};
		2A54A3322C601AF800D657BC /* Models */ = {
			isa = PBXGroup;
			children = (
				2A54A3352C60251C00D657BC /* model-Scene.swift */,
				2A54A33C2C603E9C00D657BC /* model-Source.swift */,
			);
			path = Models;
			sourceTree = "<group>";
		};
		2A54A3392C603E0E00D657BC /* Enums */ = {
			isa = PBXGroup;
			children = (
				2A54A33A2C603E2200D657BC /* enum-Source.swift */,
			);
			path = Enums;
			sourceTree = "<group>";
		};
		2A54A3442C6060E000D657BC /* ScreenCapture */ = {
			isa = PBXGroup;
			children = (
				2A54A3452C60611B00D657BC /* ScreenRecorder.swift */,
				2A54A3472C60619B00D657BC /* CaptureEngine.swift */,
			);
			path = ScreenCapture;
			sourceTree = "<group>";
		};
/* End PBXGroup section */

/* Begin PBXNativeTarget section */
		2A54A2F82C5ECD2900D657BC /* castr */ = {
			isa = PBXNativeTarget;
			buildConfigurationList = 2A54A3082C5ECD2B00D657BC /* Build configuration list for PBXNativeTarget "castr" */;
			buildPhases = (
				2A54A2F52C5ECD2900D657BC /* Sources */,
				2A54A2F62C5ECD2900D657BC /* Frameworks */,
				2A54A2F72C5ECD2900D657BC /* Resources */,
			);
			buildRules = (
			);
			dependencies = (
			);
			name = castr;
			productName = castr;
			productReference = 2A54A2F92C5ECD2900D657BC /* castr.app */;
			productType = "com.apple.product-type.application";
		};
/* End PBXNativeTarget section */

/* Begin PBXProject section */
		2A54A2F12C5ECD2900D657BC /* Project object */ = {
			isa = PBXProject;
			attributes = {
				BuildIndependentTargetsInParallel = 1;
				LastSwiftUpdateCheck = 1520;
				LastUpgradeCheck = 1520;
				TargetAttributes = {
					2A54A2F82C5ECD2900D657BC = {
						CreatedOnToolsVersion = 15.2;
					};
				};
			};
			buildConfigurationList = 2A54A2F42C5ECD2900D657BC /* Build configuration list for PBXProject "castr" */;
			compatibilityVersion = "Xcode 14.0";
			developmentRegion = en;
			hasScannedForEncodings = 0;
			knownRegions = (
				en,
				Base,
			);
			mainGroup = 2A54A2F02C5ECD2900D657BC;
			productRefGroup = 2A54A2FA2C5ECD2900D657BC /* Products */;
			projectDirPath = "";
			projectRoot = "";
			targets = (
				2A54A2F82C5ECD2900D657BC /* castr */,
			);
		};
/* End PBXProject section */

/* Begin PBXResourcesBuildPhase section */
		2A54A2F72C5ECD2900D657BC /* Resources */ = {
			isa = PBXResourcesBuildPhase;
			buildActionMask = 2147483647;
			files = (
				2A54A3042C5ECD2B00D657BC /* Preview Assets.xcassets in Resources */,
				2A54A3012C5ECD2B00D657BC /* Assets.xcassets in Resources */,
			);
			runOnlyForDeploymentPostprocessing = 0;
		};
/* End PBXResourcesBuildPhase section */

/* Begin PBXSourcesBuildPhase section */
		2A54A2F52C5ECD2900D657BC /* Sources */ = {
			isa = PBXSourcesBuildPhase;
			buildActionMask = 2147483647;
			files = (
				2A54A2FD2C5ECD2900D657BC /* castr.swift in Sources */,
				2A54A3312C5FF8D700D657BC /* view-SystemAudioCaptureConfiguration.swift in Sources */,
				2A54A3172C5F096C00D657BC /* ContentView.swift in Sources */,
				2A54A3282C5F3FA000D657BC /* view-ControlsPanel.swift in Sources */,
				2A54A33D2C603E9C00D657BC /* model-Source.swift in Sources */,
				2A54A3462C60611B00D657BC /* ScreenRecorder.swift in Sources */,
				2A54A3222C5F37D300D657BC /* style-Text.swift in Sources */,
				2A54A31F2C5F367700D657BC /* view-SourceConfigurationPanel.swift in Sources */,
				2A54A33B2C603E2200D657BC /* enum-Source.swift in Sources */,
				2A54A32F2C5FF78900D657BC /* view-WindowCaptureConfiguration.swift in Sources */,
				2A54A3262C5F3F7600D657BC /* view-SourcesPanel.swift in Sources */,
				2A54A3122C5EFDB800D657BC /* view-Panel.swift in Sources */,
				2A54A32A2C5F428400D657BC /* view-Previewer.swift in Sources */,
				2A54A32D2C5FF73100D657BC /* view-ScreenCaptureConfiguration.swift in Sources */,
				2A8D2A172C657BB400E1B5EF /* state-Global.swift in Sources */,
				2A54A30D2C5ED7B300D657BC /* view-Toolbar.swift in Sources */,
				2A54A3342C60239D00D657BC /* state-Scenes.swift in Sources */,
				2A54A33F2C60502800D657BC /* manager-Preview.swift in Sources */,
				2A54A3362C60251C00D657BC /* model-Scene.swift in Sources */,
				2A54A31D2C5F1A6400D657BC /* view-ScenesPanel.swift in Sources */,
				2A54A3382C60395500D657BC /* state-Sources.swift in Sources */,
				2A54A3482C60619B00D657BC /* CaptureEngine.swift in Sources */,
				2A54A3242C5F38E600D657BC /* style-Spacer.swift in Sources */,
				2A54A3432C60594F00D657BC /* view-PreviewPanel.swift in Sources */,
			);
			runOnlyForDeploymentPostprocessing = 0;
		};
/* End PBXSourcesBuildPhase section */

/* Begin XCBuildConfiguration section */
		2A54A3062C5ECD2B00D657BC /* Debug */ = {
			isa = XCBuildConfiguration;
			buildSettings = {
				ALWAYS_SEARCH_USER_PATHS = NO;
				ASSETCATALOG_COMPILER_GENERATE_SWIFT_ASSET_SYMBOL_EXTENSIONS = YES;
				CLANG_ANALYZER_NONNULL = YES;
				CLANG_ANALYZER_NUMBER_OBJECT_CONVERSION = YES_AGGRESSIVE;
				CLANG_CXX_LANGUAGE_STANDARD = "gnu++20";
				CLANG_ENABLE_MODULES = YES;
				CLANG_ENABLE_OBJC_ARC = YES;
				CLANG_ENABLE_OBJC_WEAK = YES;
				CLANG_WARN_BLOCK_CAPTURE_AUTORELEASING = YES;
				CLANG_WARN_BOOL_CONVERSION = YES;
				CLANG_WARN_COMMA = YES;
				CLANG_WARN_CONSTANT_CONVERSION = YES;
				CLANG_WARN_DEPRECATED_OBJC_IMPLEMENTATIONS = YES;
				CLANG_WARN_DIRECT_OBJC_ISA_USAGE = YES_ERROR;
				CLANG_WARN_DOCUMENTATION_COMMENTS = YES;
				CLANG_WARN_EMPTY_BODY = YES;
				CLANG_WARN_ENUM_CONVERSION = YES;
				CLANG_WARN_INFINITE_RECURSION = YES;
				CLANG_WARN_INT_CONVERSION = YES;
				CLANG_WARN_NON_LITERAL_NULL_CONVERSION = YES;
				CLANG_WARN_OBJC_IMPLICIT_RETAIN_SELF = YES;
				CLANG_WARN_OBJC_LITERAL_CONVERSION = YES;
				CLANG_WARN_OBJC_ROOT_CLASS = YES_ERROR;
				CLANG_WARN_QUOTED_INCLUDE_IN_FRAMEWORK_HEADER = YES;
				CLANG_WARN_RANGE_LOOP_ANALYSIS = YES;
				CLANG_WARN_STRICT_PROTOTYPES = YES;
				CLANG_WARN_SUSPICIOUS_MOVE = YES;
				CLANG_WARN_UNGUARDED_AVAILABILITY = YES_AGGRESSIVE;
				CLANG_WARN_UNREACHABLE_CODE = YES;
				CLANG_WARN__DUPLICATE_METHOD_MATCH = YES;
				COPY_PHASE_STRIP = NO;
				DEBUG_INFORMATION_FORMAT = dwarf;
				ENABLE_STRICT_OBJC_MSGSEND = YES;
				ENABLE_TESTABILITY = YES;
				ENABLE_USER_SCRIPT_SANDBOXING = YES;
				GCC_C_LANGUAGE_STANDARD = gnu17;
				GCC_DYNAMIC_NO_PIC = NO;
				GCC_NO_COMMON_BLOCKS = YES;
				GCC_OPTIMIZATION_LEVEL = 0;
				GCC_PREPROCESSOR_DEFINITIONS = (
					"DEBUG=1",
					"$(inherited)",
				);
				GCC_WARN_64_TO_32_BIT_CONVERSION = YES;
				GCC_WARN_ABOUT_RETURN_TYPE = YES_ERROR;
				GCC_WARN_UNDECLARED_SELECTOR = YES;
				GCC_WARN_UNINITIALIZED_AUTOS = YES_AGGRESSIVE;
				GCC_WARN_UNUSED_FUNCTION = YES;
				GCC_WARN_UNUSED_VARIABLE = YES;
				LOCALIZATION_PREFERS_STRING_CATALOGS = YES;
				MACOSX_DEPLOYMENT_TARGET = 14.2;
				MTL_ENABLE_DEBUG_INFO = INCLUDE_SOURCE;
				MTL_FAST_MATH = YES;
				ONLY_ACTIVE_ARCH = YES;
				SDKROOT = macosx;
				SWIFT_ACTIVE_COMPILATION_CONDITIONS = "DEBUG $(inherited)";
				SWIFT_OPTIMIZATION_LEVEL = "-Onone";
			};
			name = Debug;
		};
		2A54A3072C5ECD2B00D657BC /* Release */ = {
			isa = XCBuildConfiguration;
			buildSettings = {
				ALWAYS_SEARCH_USER_PATHS = NO;
				ASSETCATALOG_COMPILER_GENERATE_SWIFT_ASSET_SYMBOL_EXTENSIONS = YES;
				CLANG_ANALYZER_NONNULL = YES;
				CLANG_ANALYZER_NUMBER_OBJECT_CONVERSION = YES_AGGRESSIVE;
				CLANG_CXX_LANGUAGE_STANDARD = "gnu++20";
				CLANG_ENABLE_MODULES = YES;
				CLANG_ENABLE_OBJC_ARC = YES;
				CLANG_ENABLE_OBJC_WEAK = YES;
				CLANG_WARN_BLOCK_CAPTURE_AUTORELEASING = YES;
				CLANG_WARN_BOOL_CONVERSION = YES;
				CLANG_WARN_COMMA = YES;
				CLANG_WARN_CONSTANT_CONVERSION = YES;
				CLANG_WARN_DEPRECATED_OBJC_IMPLEMENTATIONS = YES;
				CLANG_WARN_DIRECT_OBJC_ISA_USAGE = YES_ERROR;
				CLANG_WARN_DOCUMENTATION_COMMENTS = YES;
				CLANG_WARN_EMPTY_BODY = YES;
				CLANG_WARN_ENUM_CONVERSION = YES;
				CLANG_WARN_INFINITE_RECURSION = YES;
				CLANG_WARN_INT_CONVERSION = YES;
				CLANG_WARN_NON_LITERAL_NULL_CONVERSION = YES;
				CLANG_WARN_OBJC_IMPLICIT_RETAIN_SELF = YES;
				CLANG_WARN_OBJC_LITERAL_CONVERSION = YES;
				CLANG_WARN_OBJC_ROOT_CLASS = YES_ERROR;
				CLANG_WARN_QUOTED_INCLUDE_IN_FRAMEWORK_HEADER = YES;
				CLANG_WARN_RANGE_LOOP_ANALYSIS = YES;
				CLANG_WARN_STRICT_PROTOTYPES = YES;
				CLANG_WARN_SUSPICIOUS_MOVE = YES;
				CLANG_WARN_UNGUARDED_AVAILABILITY = YES_AGGRESSIVE;
				CLANG_WARN_UNREACHABLE_CODE = YES;
				CLANG_WARN__DUPLICATE_METHOD_MATCH = YES;
				COPY_PHASE_STRIP = NO;
				DEBUG_INFORMATION_FORMAT = "dwarf-with-dsym";
				ENABLE_NS_ASSERTIONS = NO;
				ENABLE_STRICT_OBJC_MSGSEND = YES;
				ENABLE_USER_SCRIPT_SANDBOXING = YES;
				GCC_C_LANGUAGE_STANDARD = gnu17;
				GCC_NO_COMMON_BLOCKS = YES;
				GCC_WARN_64_TO_32_BIT_CONVERSION = YES;
				GCC_WARN_ABOUT_RETURN_TYPE = YES_ERROR;
				GCC_WARN_UNDECLARED_SELECTOR = YES;
				GCC_WARN_UNINITIALIZED_AUTOS = YES_AGGRESSIVE;
				GCC_WARN_UNUSED_FUNCTION = YES;
				GCC_WARN_UNUSED_VARIABLE = YES;
				LOCALIZATION_PREFERS_STRING_CATALOGS = YES;
				MACOSX_DEPLOYMENT_TARGET = 14.2;
				MTL_ENABLE_DEBUG_INFO = NO;
				MTL_FAST_MATH = YES;
				SDKROOT = macosx;
				SWIFT_COMPILATION_MODE = wholemodule;
			};
			name = Release;
		};
		2A54A3092C5ECD2B00D657BC /* Debug */ = {
			isa = XCBuildConfiguration;
			buildSettings = {
				ASSETCATALOG_COMPILER_APPICON_NAME = AppIcon;
				ASSETCATALOG_COMPILER_GLOBAL_ACCENT_COLOR_NAME = AccentColor;
				CODE_SIGN_ENTITLEMENTS = castr/castr.entitlements;
				CODE_SIGN_STYLE = Automatic;
				COMBINE_HIDPI_IMAGES = YES;
				CURRENT_PROJECT_VERSION = 1;
				DEVELOPMENT_ASSET_PATHS = "\"castr/Preview Content\"";
				DEVELOPMENT_TEAM = 67C4BBFCAC;
				ENABLE_HARDENED_RUNTIME = YES;
				ENABLE_PREVIEWS = YES;
				GENERATE_INFOPLIST_FILE = YES;
				INFOPLIST_KEY_NSHumanReadableCopyright = "";
				LD_RUNPATH_SEARCH_PATHS = (
					"$(inherited)",
					"@executable_path/../Frameworks",
				);
				MARKETING_VERSION = 1.0;
				PRODUCT_BUNDLE_IDENTIFIER = harrisonhall.castr;
				PRODUCT_NAME = "$(TARGET_NAME)";
				SWIFT_EMIT_LOC_STRINGS = YES;
				SWIFT_VERSION = 5.0;
			};
			name = Debug;
		};
		2A54A30A2C5ECD2B00D657BC /* Release */ = {
			isa = XCBuildConfiguration;
			buildSettings = {
				ASSETCATALOG_COMPILER_APPICON_NAME = AppIcon;
				ASSETCATALOG_COMPILER_GLOBAL_ACCENT_COLOR_NAME = AccentColor;
				CODE_SIGN_ENTITLEMENTS = castr/castr.entitlements;
				CODE_SIGN_STYLE = Automatic;
				COMBINE_HIDPI_IMAGES = YES;
				CURRENT_PROJECT_VERSION = 1;
				DEVELOPMENT_ASSET_PATHS = "\"castr/Preview Content\"";
				DEVELOPMENT_TEAM = 67C4BBFCAC;
				ENABLE_HARDENED_RUNTIME = YES;
				ENABLE_PREVIEWS = YES;
				GENERATE_INFOPLIST_FILE = YES;
				INFOPLIST_KEY_NSHumanReadableCopyright = "";
				LD_RUNPATH_SEARCH_PATHS = (
					"$(inherited)",
					"@executable_path/../Frameworks",
				);
				MARKETING_VERSION = 1.0;
				PRODUCT_BUNDLE_IDENTIFIER = harrisonhall.castr;
				PRODUCT_NAME = "$(TARGET_NAME)";
				SWIFT_EMIT_LOC_STRINGS = YES;
				SWIFT_VERSION = 5.0;
			};
			name = Release;
		};
/* End XCBuildConfiguration section */

/* Begin XCConfigurationList section */
		2A54A2F42C5ECD2900D657BC /* Build configuration list for PBXProject "castr" */ = {
			isa = XCConfigurationList;
			buildConfigurations = (
				2A54A3062C5ECD2B00D657BC /* Debug */,
				2A54A3072C5ECD2B00D657BC /* Release */,
			);
			defaultConfigurationIsVisible = 0;
			defaultConfigurationName = Release;
		};
		2A54A3082C5ECD2B00D657BC /* Build configuration list for PBXNativeTarget "castr" */ = {
			isa = XCConfigurationList;
			buildConfigurations = (
				2A54A3092C5ECD2B00D657BC /* Debug */,
				2A54A30A2C5ECD2B00D657BC /* Release */,
			);
			defaultConfigurationIsVisible = 0;
			defaultConfigurationName = Release;
		};
/* End XCConfigurationList section */
	};
	rootObject = 2A54A2F12C5ECD2900D657BC /* Project object */;
}
