// !$*UTF8*$!
{
	archiveVersion = 1;
	classes = {
	};
	objectVersion = 56;
	objects = {

/* Begin PBXBuildFile section */
		2A3AFDE92C69CEE60046718B /* MouseListener.swift in Sources */ = {isa = PBXBuildFile; fileRef = 2A3AFDE82C69CEE60046718B /* MouseListener.swift */; };
		2A3AFDEC2C69D0730046718B /* view-MouseEvent.swift in Sources */ = {isa = PBXBuildFile; fileRef = 2A3AFDEB2C69D0730046718B /* view-MouseEvent.swift */; };
		2A3FD5282C7E37B700B905CD /* Shaders2.metal in Sources */ = {isa = PBXBuildFile; fileRef = 2A3FD5272C7E37B700B905CD /* Shaders2.metal */; };
		2A54A2FD2C5ECD2900D657BC /* main.swift in Sources */ = {isa = PBXBuildFile; fileRef = 2A54A2FC2C5ECD2900D657BC /* main.swift */; };
		2A54A3012C5ECD2B00D657BC /* Assets.xcassets in Resources */ = {isa = PBXBuildFile; fileRef = 2A54A3002C5ECD2B00D657BC /* Assets.xcassets */; };
		2A54A3042C5ECD2B00D657BC /* Preview Assets.xcassets in Resources */ = {isa = PBXBuildFile; fileRef = 2A54A3032C5ECD2B00D657BC /* Preview Assets.xcassets */; };
		2A54A3172C5F096C00D657BC /* view-MainContent.swift in Sources */ = {isa = PBXBuildFile; fileRef = 2A54A3162C5F096C00D657BC /* view-MainContent.swift */; };
		2A54A3222C5F37D300D657BC /* style-Text.swift in Sources */ = {isa = PBXBuildFile; fileRef = 2A54A3212C5F37D300D657BC /* style-Text.swift */; };
		2A54A3242C5F38E600D657BC /* style-Spacer.swift in Sources */ = {isa = PBXBuildFile; fileRef = 2A54A3232C5F38E600D657BC /* style-Spacer.swift */; };
		2A54A32A2C5F428400D657BC /* view-Previewer.swift in Sources */ = {isa = PBXBuildFile; fileRef = 2A54A3292C5F428400D657BC /* view-Previewer.swift */; };
		2A54A32D2C5FF73100D657BC /* view-ScreenCaptureConfiguration.swift in Sources */ = {isa = PBXBuildFile; fileRef = 2A54A32C2C5FF73100D657BC /* view-ScreenCaptureConfiguration.swift */; };
		2A54A32F2C5FF78900D657BC /* view-WindowCaptureConfiguration.swift in Sources */ = {isa = PBXBuildFile; fileRef = 2A54A32E2C5FF78900D657BC /* view-WindowCaptureConfiguration.swift */; };
		2A54A3312C5FF8D700D657BC /* view-SystemAudioCaptureConfiguration.swift in Sources */ = {isa = PBXBuildFile; fileRef = 2A54A3302C5FF8D700D657BC /* view-SystemAudioCaptureConfiguration.swift */; };
		2A54A3342C60239D00D657BC /* state-Scenes.swift in Sources */ = {isa = PBXBuildFile; fileRef = 2A54A3332C60239D00D657BC /* state-Scenes.swift */; };
		2A54A3362C60251C00D657BC /* model-Scene.swift in Sources */ = {isa = PBXBuildFile; fileRef = 2A54A3352C60251C00D657BC /* model-Scene.swift */; };
		2A54A3382C60395500D657BC /* state-Sources.swift in Sources */ = {isa = PBXBuildFile; fileRef = 2A54A3372C60395500D657BC /* state-Sources.swift */; };
		2A54A33B2C603E2200D657BC /* enum-Source.swift in Sources */ = {isa = PBXBuildFile; fileRef = 2A54A33A2C603E2200D657BC /* enum-Source.swift */; };
		2A54A33D2C603E9C00D657BC /* model-Source.swift in Sources */ = {isa = PBXBuildFile; fileRef = 2A54A33C2C603E9C00D657BC /* model-Source.swift */; };
		2A54A3462C60611B00D657BC /* ScreenRecorder.swift in Sources */ = {isa = PBXBuildFile; fileRef = 2A54A3452C60611B00D657BC /* ScreenRecorder.swift */; };
		2A54A3482C60619B00D657BC /* CaptureEngine.swift in Sources */ = {isa = PBXBuildFile; fileRef = 2A54A3472C60619B00D657BC /* CaptureEngine.swift */; };
		2A8D2A172C657BB400E1B5EF /* state-Global.swift in Sources */ = {isa = PBXBuildFile; fileRef = 2A8D2A162C657BB400E1B5EF /* state-Global.swift */; };
		2A8D2A1A2C66C48A00E1B5EF /* protocol-Source.swift in Sources */ = {isa = PBXBuildFile; fileRef = 2A8D2A192C66C48A00E1B5EF /* protocol-Source.swift */; };
		2A8D2A1E2C671DAD00E1B5EF /* view-ImageConfiguration.swift in Sources */ = {isa = PBXBuildFile; fileRef = 2A8D2A1D2C671DAD00E1B5EF /* view-ImageConfiguration.swift */; };
		2A8D2A202C671DBC00E1B5EF /* view-ColorConfiguration.swift in Sources */ = {isa = PBXBuildFile; fileRef = 2A8D2A1F2C671DBC00E1B5EF /* view-ColorConfiguration.swift */; };
		2A8D2A222C6733BD00E1B5EF /* view-TextConfiguration.swift in Sources */ = {isa = PBXBuildFile; fileRef = 2A8D2A212C6733BD00E1B5EF /* view-TextConfiguration.swift */; };
		2A8D2A252C674B3300E1B5EF /* SystemExtensionManager.swift in Sources */ = {isa = PBXBuildFile; fileRef = 2A8D2A242C674B3300E1B5EF /* SystemExtensionManager.swift */; };
		2A8D2A4F2C68828B00E1B5EF /* main.swift in Sources */ = {isa = PBXBuildFile; fileRef = 2A8D2A4E2C68828B00E1B5EF /* main.swift */; };
		2A8D2A542C68828B00E1B5EF /* harrisonhall.castr.virtualcamera.systemextension in Embed System Extensions */ = {isa = PBXBuildFile; fileRef = 2A8D2A4A2C68828B00E1B5EF /* harrisonhall.castr.virtualcamera.systemextension */; settings = {ATTRIBUTES = (RemoveHeadersOnCopy, ); }; };
		2A9122BC2C702508005194AC /* CameraViewModel.swift in Sources */ = {isa = PBXBuildFile; fileRef = 2A9122BA2C7022D0005194AC /* CameraViewModel.swift */; };
		2A9122BF2C702D46005194AC /* Configuration.swift in Sources */ = {isa = PBXBuildFile; fileRef = 2A9122B82C7021F8005194AC /* Configuration.swift */; };
		2A9122C12C7033DB005194AC /* VirtualCameraConnecterDraft.swift in Sources */ = {isa = PBXBuildFile; fileRef = 2A9122C02C7033DB005194AC /* VirtualCameraConnecterDraft.swift */; };
		2A9122C32C703DB2005194AC /* virtualcamerahelper.swift in Sources */ = {isa = PBXBuildFile; fileRef = 2A9122C22C703DB2005194AC /* virtualcamerahelper.swift */; };
		2A9122C42C703FA1005194AC /* Configuration.swift in Sources */ = {isa = PBXBuildFile; fileRef = 2A9122B82C7021F8005194AC /* Configuration.swift */; };
		2A9122CA2C712A9A005194AC /* Provider.swift in Sources */ = {isa = PBXBuildFile; fileRef = 2A9122C92C712A9A005194AC /* Provider.swift */; };
		2A9122CC2C712AA8005194AC /* Device.swift in Sources */ = {isa = PBXBuildFile; fileRef = 2A9122CB2C712AA8005194AC /* Device.swift */; };
		2A9122CE2C712AB5005194AC /* Stream-Source.swift in Sources */ = {isa = PBXBuildFile; fileRef = 2A9122CD2C712AB5005194AC /* Stream-Source.swift */; };
		2A9122D32C712B52005194AC /* Stream-Sink.swift in Sources */ = {isa = PBXBuildFile; fileRef = 2A9122D22C712B52005194AC /* Stream-Sink.swift */; };
		2A914AED2C7ED9A2003174BB /* view-TestFlip.swift in Sources */ = {isa = PBXBuildFile; fileRef = 2A914AEC2C7ED9A2003174BB /* view-TestFlip.swift */; };
		2ACAD4982C7B0A4800B706D1 /* state-App.swift in Sources */ = {isa = PBXBuildFile; fileRef = 2ACAD4972C7B0A4800B706D1 /* state-App.swift */; };
		2ACAD49A2C7B0A6C00B706D1 /* view-Titlebar.swift in Sources */ = {isa = PBXBuildFile; fileRef = 2ACAD4992C7B0A6C00B706D1 /* view-Titlebar.swift */; };
		2ACAD49C2C7B0A9E00B706D1 /* material-Transparent.swift in Sources */ = {isa = PBXBuildFile; fileRef = 2ACAD49B2C7B0A9E00B706D1 /* material-Transparent.swift */; };
		2ACAD49F2C7B0ADB00B706D1 /* view-PreferencesWindow.swift in Sources */ = {isa = PBXBuildFile; fileRef = 2ACAD49E2C7B0ADB00B706D1 /* view-PreferencesWindow.swift */; };
		2ACAD4A12C7B0B0400B706D1 /* state-Settings.swift in Sources */ = {isa = PBXBuildFile; fileRef = 2ACAD4A02C7B0B0400B706D1 /* state-Settings.swift */; };
		2ACAD4A32C7B0B1F00B706D1 /* style-Groupbox.swift in Sources */ = {isa = PBXBuildFile; fileRef = 2ACAD4A22C7B0B1F00B706D1 /* style-Groupbox.swift */; };
		2ACAD4A62C7B0B6C00B706D1 /* modifier-OnMouseDown.swift in Sources */ = {isa = PBXBuildFile; fileRef = 2ACAD4A52C7B0B6C00B706D1 /* modifier-OnMouseDown.swift */; };
		2ACAD4A82C7B0B8B00B706D1 /* style-ToolbarButton.swift in Sources */ = {isa = PBXBuildFile; fileRef = 2ACAD4A72C7B0B8B00B706D1 /* style-ToolbarButton.swift */; };
		2ACAD4AA2C7B0C1100B706D1 /* modelView-ContentModel.swift in Sources */ = {isa = PBXBuildFile; fileRef = 2ACAD4A92C7B0C1100B706D1 /* modelView-ContentModel.swift */; };
		2ACAD4AC2C7B0C2B00B706D1 /* style-PanelStyles.swift in Sources */ = {isa = PBXBuildFile; fileRef = 2ACAD4AB2C7B0C2B00B706D1 /* style-PanelStyles.swift */; };
		2ACAD4AE2C7B118200B706D1 /* sheet-AddSource.swift in Sources */ = {isa = PBXBuildFile; fileRef = 2ACAD4AD2C7B118200B706D1 /* sheet-AddSource.swift */; };
		2ACAD4B12C7B24F400B706D1 /* view-VideoConfiguration.swift in Sources */ = {isa = PBXBuildFile; fileRef = 2ACAD4B02C7B24F400B706D1 /* view-VideoConfiguration.swift */; };
		2ACAD4B42C7B2D7700B706D1 /* MetalService.swift in Sources */ = {isa = PBXBuildFile; fileRef = 2ACAD4B32C7B2D7700B706D1 /* MetalService.swift */; };
		2ACAD4B62C7B324300B706D1 /* Shaders.metal in Sources */ = {isa = PBXBuildFile; fileRef = 2ACAD4B52C7B324300B706D1 /* Shaders.metal */; };
		2AEEF31C2C7C1336008F4F13 /* Info.plist in Resources */ = {isa = PBXBuildFile; fileRef = 2A8D2A502C68828B00E1B5EF /* Info.plist */; };
		2AEEF31D2C7C1336008F4F13 /* Info.plist in Resources */ = {isa = PBXBuildFile; fileRef = 2A8D2A502C68828B00E1B5EF /* Info.plist */; };
		2AEEF31F2C7C1426008F4F13 /* Shared.swift in Sources */ = {isa = PBXBuildFile; fileRef = 2AEEF31E2C7C1426008F4F13 /* Shared.swift */; };
		2AEEF3202C7C15FB008F4F13 /* Shared.swift in Sources */ = {isa = PBXBuildFile; fileRef = 2AEEF31E2C7C1426008F4F13 /* Shared.swift */; };
		2AEEF3AB2C7C411E008F4F13 /* ScreenRecorder2.swift in Sources */ = {isa = PBXBuildFile; fileRef = 2AEEF3AA2C7C411E008F4F13 /* ScreenRecorder2.swift */; };
		2AEEF3AD2C7C4A05008F4F13 /* ScreenRecorder3.swift in Sources */ = {isa = PBXBuildFile; fileRef = 2AEEF3AC2C7C4A05008F4F13 /* ScreenRecorder3.swift */; };
		2AEEF3AF2C7C580B008F4F13 /* OutputService.swift in Sources */ = {isa = PBXBuildFile; fileRef = 2AEEF3AE2C7C580B008F4F13 /* OutputService.swift */; };
		2AEEF3B12C7C7463008F4F13 /* VideoWriterService.swift in Sources */ = {isa = PBXBuildFile; fileRef = 2AEEF3B02C7C7463008F4F13 /* VideoWriterService.swift */; };
		2AEEF3B32C7CA7A7008F4F13 /* utility-ImageUtility.swift in Sources */ = {isa = PBXBuildFile; fileRef = 2AEEF3B22C7CA7A7008F4F13 /* utility-ImageUtility.swift */; };
/* End PBXBuildFile section */

/* Begin PBXContainerItemProxy section */
		2A8D2A522C68828B00E1B5EF /* PBXContainerItemProxy */ = {
			isa = PBXContainerItemProxy;
			containerPortal = 2A54A2F12C5ECD2900D657BC /* Project object */;
			proxyType = 1;
			remoteGlobalIDString = 2A8D2A492C68828B00E1B5EF;
			remoteInfo = virtualcamera;
		};
/* End PBXContainerItemProxy section */

/* Begin PBXCopyFilesBuildPhase section */
		2A8D2A582C68828B00E1B5EF /* Embed System Extensions */ = {
			isa = PBXCopyFilesBuildPhase;
			buildActionMask = 2147483647;
			dstPath = "$(SYSTEM_EXTENSIONS_FOLDER_PATH)";
			dstSubfolderSpec = 16;
			files = (
				2A8D2A542C68828B00E1B5EF /* harrisonhall.castr.virtualcamera.systemextension in Embed System Extensions */,
			);
			name = "Embed System Extensions";
			runOnlyForDeploymentPostprocessing = 0;
		};
		2AEEF3352C7C2E55008F4F13 /* Embed XPC Services */ = {
			isa = PBXCopyFilesBuildPhase;
			buildActionMask = 2147483647;
			dstPath = "$(CONTENTS_FOLDER_PATH)/XPCServices";
			dstSubfolderSpec = 16;
			files = (
			);
			name = "Embed XPC Services";
			runOnlyForDeploymentPostprocessing = 0;
		};
/* End PBXCopyFilesBuildPhase section */

/* Begin PBXFileReference section */
		2A3AFDE82C69CEE60046718B /* MouseListener.swift */ = {isa = PBXFileReference; lastKnownFileType = sourcecode.swift; path = MouseListener.swift; sourceTree = "<group>"; };
		2A3AFDEB2C69D0730046718B /* view-MouseEvent.swift */ = {isa = PBXFileReference; lastKnownFileType = sourcecode.swift; path = "view-MouseEvent.swift"; sourceTree = "<group>"; };
		2A3FD5272C7E37B700B905CD /* Shaders2.metal */ = {isa = PBXFileReference; lastKnownFileType = sourcecode.metal; path = Shaders2.metal; sourceTree = "<group>"; };
		2A54A2F92C5ECD2900D657BC /* castr.app */ = {isa = PBXFileReference; explicitFileType = wrapper.application; includeInIndex = 0; path = castr.app; sourceTree = BUILT_PRODUCTS_DIR; };
		2A54A2FC2C5ECD2900D657BC /* main.swift */ = {isa = PBXFileReference; lastKnownFileType = sourcecode.swift; path = main.swift; sourceTree = "<group>"; };
		2A54A3002C5ECD2B00D657BC /* Assets.xcassets */ = {isa = PBXFileReference; lastKnownFileType = folder.assetcatalog; path = Assets.xcassets; sourceTree = "<group>"; };
		2A54A3032C5ECD2B00D657BC /* Preview Assets.xcassets */ = {isa = PBXFileReference; lastKnownFileType = folder.assetcatalog; path = "Preview Assets.xcassets"; sourceTree = "<group>"; };
		2A54A3052C5ECD2B00D657BC /* castr.entitlements */ = {isa = PBXFileReference; lastKnownFileType = text.plist.entitlements; path = castr.entitlements; sourceTree = "<group>"; };
		2A54A3162C5F096C00D657BC /* view-MainContent.swift */ = {isa = PBXFileReference; lastKnownFileType = sourcecode.swift; path = "view-MainContent.swift"; sourceTree = "<group>"; };
		2A54A3212C5F37D300D657BC /* style-Text.swift */ = {isa = PBXFileReference; lastKnownFileType = sourcecode.swift; path = "style-Text.swift"; sourceTree = "<group>"; };
		2A54A3232C5F38E600D657BC /* style-Spacer.swift */ = {isa = PBXFileReference; lastKnownFileType = sourcecode.swift; path = "style-Spacer.swift"; sourceTree = "<group>"; };
		2A54A3292C5F428400D657BC /* view-Previewer.swift */ = {isa = PBXFileReference; lastKnownFileType = sourcecode.swift; path = "view-Previewer.swift"; sourceTree = "<group>"; };
		2A54A32C2C5FF73100D657BC /* view-ScreenCaptureConfiguration.swift */ = {isa = PBXFileReference; lastKnownFileType = sourcecode.swift; path = "view-ScreenCaptureConfiguration.swift"; sourceTree = "<group>"; };
		2A54A32E2C5FF78900D657BC /* view-WindowCaptureConfiguration.swift */ = {isa = PBXFileReference; lastKnownFileType = sourcecode.swift; path = "view-WindowCaptureConfiguration.swift"; sourceTree = "<group>"; };
		2A54A3302C5FF8D700D657BC /* view-SystemAudioCaptureConfiguration.swift */ = {isa = PBXFileReference; lastKnownFileType = sourcecode.swift; path = "view-SystemAudioCaptureConfiguration.swift"; sourceTree = "<group>"; };
		2A54A3332C60239D00D657BC /* state-Scenes.swift */ = {isa = PBXFileReference; lastKnownFileType = sourcecode.swift; path = "state-Scenes.swift"; sourceTree = "<group>"; };
		2A54A3352C60251C00D657BC /* model-Scene.swift */ = {isa = PBXFileReference; lastKnownFileType = sourcecode.swift; path = "model-Scene.swift"; sourceTree = "<group>"; };
		2A54A3372C60395500D657BC /* state-Sources.swift */ = {isa = PBXFileReference; lastKnownFileType = sourcecode.swift; path = "state-Sources.swift"; sourceTree = "<group>"; };
		2A54A33A2C603E2200D657BC /* enum-Source.swift */ = {isa = PBXFileReference; lastKnownFileType = sourcecode.swift; path = "enum-Source.swift"; sourceTree = "<group>"; };
		2A54A33C2C603E9C00D657BC /* model-Source.swift */ = {isa = PBXFileReference; lastKnownFileType = sourcecode.swift; path = "model-Source.swift"; sourceTree = "<group>"; };
		2A54A3452C60611B00D657BC /* ScreenRecorder.swift */ = {isa = PBXFileReference; lastKnownFileType = sourcecode.swift; path = ScreenRecorder.swift; sourceTree = "<group>"; };
		2A54A3472C60619B00D657BC /* CaptureEngine.swift */ = {isa = PBXFileReference; lastKnownFileType = sourcecode.swift; path = CaptureEngine.swift; sourceTree = "<group>"; };
		2A8D2A162C657BB400E1B5EF /* state-Global.swift */ = {isa = PBXFileReference; lastKnownFileType = sourcecode.swift; path = "state-Global.swift"; sourceTree = "<group>"; };
		2A8D2A192C66C48A00E1B5EF /* protocol-Source.swift */ = {isa = PBXFileReference; lastKnownFileType = sourcecode.swift; path = "protocol-Source.swift"; sourceTree = "<group>"; };
		2A8D2A1D2C671DAD00E1B5EF /* view-ImageConfiguration.swift */ = {isa = PBXFileReference; lastKnownFileType = sourcecode.swift; path = "view-ImageConfiguration.swift"; sourceTree = "<group>"; };
		2A8D2A1F2C671DBC00E1B5EF /* view-ColorConfiguration.swift */ = {isa = PBXFileReference; lastKnownFileType = sourcecode.swift; path = "view-ColorConfiguration.swift"; sourceTree = "<group>"; };
		2A8D2A212C6733BD00E1B5EF /* view-TextConfiguration.swift */ = {isa = PBXFileReference; lastKnownFileType = sourcecode.swift; path = "view-TextConfiguration.swift"; sourceTree = "<group>"; };
		2A8D2A242C674B3300E1B5EF /* SystemExtensionManager.swift */ = {isa = PBXFileReference; lastKnownFileType = sourcecode.swift; path = SystemExtensionManager.swift; sourceTree = "<group>"; };
		2A8D2A4A2C68828B00E1B5EF /* harrisonhall.castr.virtualcamera.systemextension */ = {isa = PBXFileReference; explicitFileType = "wrapper.system-extension"; includeInIndex = 0; path = harrisonhall.castr.virtualcamera.systemextension; sourceTree = BUILT_PRODUCTS_DIR; };
		2A8D2A4E2C68828B00E1B5EF /* main.swift */ = {isa = PBXFileReference; lastKnownFileType = sourcecode.swift; path = main.swift; sourceTree = "<group>"; };
		2A8D2A502C68828B00E1B5EF /* Info.plist */ = {isa = PBXFileReference; lastKnownFileType = text.plist.xml; path = Info.plist; sourceTree = "<group>"; };
		2A8D2A512C68828B00E1B5EF /* virtualcamera.entitlements */ = {isa = PBXFileReference; lastKnownFileType = text.plist.entitlements; path = virtualcamera.entitlements; sourceTree = "<group>"; };
		2A9122B82C7021F8005194AC /* Configuration.swift */ = {isa = PBXFileReference; lastKnownFileType = sourcecode.swift; path = Configuration.swift; sourceTree = "<group>"; };
		2A9122BA2C7022D0005194AC /* CameraViewModel.swift */ = {isa = PBXFileReference; lastKnownFileType = sourcecode.swift; path = CameraViewModel.swift; sourceTree = "<group>"; };
		2A9122C02C7033DB005194AC /* VirtualCameraConnecterDraft.swift */ = {isa = PBXFileReference; lastKnownFileType = sourcecode.swift; path = VirtualCameraConnecterDraft.swift; sourceTree = "<group>"; };
		2A9122C22C703DB2005194AC /* virtualcamerahelper.swift */ = {isa = PBXFileReference; lastKnownFileType = sourcecode.swift; path = virtualcamerahelper.swift; sourceTree = "<group>"; };
		2A9122C92C712A9A005194AC /* Provider.swift */ = {isa = PBXFileReference; lastKnownFileType = sourcecode.swift; path = Provider.swift; sourceTree = "<group>"; };
		2A9122CB2C712AA8005194AC /* Device.swift */ = {isa = PBXFileReference; lastKnownFileType = sourcecode.swift; path = Device.swift; sourceTree = "<group>"; };
		2A9122CD2C712AB5005194AC /* Stream-Source.swift */ = {isa = PBXFileReference; lastKnownFileType = sourcecode.swift; path = "Stream-Source.swift"; sourceTree = "<group>"; };
		2A9122D22C712B52005194AC /* Stream-Sink.swift */ = {isa = PBXFileReference; lastKnownFileType = sourcecode.swift; path = "Stream-Sink.swift"; sourceTree = "<group>"; };
		2A914AEC2C7ED9A2003174BB /* view-TestFlip.swift */ = {isa = PBXFileReference; lastKnownFileType = sourcecode.swift; path = "view-TestFlip.swift"; sourceTree = "<group>"; };
		2ACAD4972C7B0A4800B706D1 /* state-App.swift */ = {isa = PBXFileReference; lastKnownFileType = sourcecode.swift; path = "state-App.swift"; sourceTree = "<group>"; };
		2ACAD4992C7B0A6C00B706D1 /* view-Titlebar.swift */ = {isa = PBXFileReference; lastKnownFileType = sourcecode.swift; path = "view-Titlebar.swift"; sourceTree = "<group>"; };
		2ACAD49B2C7B0A9E00B706D1 /* material-Transparent.swift */ = {isa = PBXFileReference; lastKnownFileType = sourcecode.swift; path = "material-Transparent.swift"; sourceTree = "<group>"; };
		2ACAD49E2C7B0ADB00B706D1 /* view-PreferencesWindow.swift */ = {isa = PBXFileReference; lastKnownFileType = sourcecode.swift; path = "view-PreferencesWindow.swift"; sourceTree = "<group>"; };
		2ACAD4A02C7B0B0400B706D1 /* state-Settings.swift */ = {isa = PBXFileReference; lastKnownFileType = sourcecode.swift; path = "state-Settings.swift"; sourceTree = "<group>"; };
		2ACAD4A22C7B0B1F00B706D1 /* style-Groupbox.swift */ = {isa = PBXFileReference; lastKnownFileType = sourcecode.swift; path = "style-Groupbox.swift"; sourceTree = "<group>"; };
		2ACAD4A52C7B0B6C00B706D1 /* modifier-OnMouseDown.swift */ = {isa = PBXFileReference; lastKnownFileType = sourcecode.swift; path = "modifier-OnMouseDown.swift"; sourceTree = "<group>"; };
		2ACAD4A72C7B0B8B00B706D1 /* style-ToolbarButton.swift */ = {isa = PBXFileReference; lastKnownFileType = sourcecode.swift; path = "style-ToolbarButton.swift"; sourceTree = "<group>"; };
		2ACAD4A92C7B0C1100B706D1 /* modelView-ContentModel.swift */ = {isa = PBXFileReference; lastKnownFileType = sourcecode.swift; path = "modelView-ContentModel.swift"; sourceTree = "<group>"; };
		2ACAD4AB2C7B0C2B00B706D1 /* style-PanelStyles.swift */ = {isa = PBXFileReference; lastKnownFileType = sourcecode.swift; path = "style-PanelStyles.swift"; sourceTree = "<group>"; };
		2ACAD4AD2C7B118200B706D1 /* sheet-AddSource.swift */ = {isa = PBXFileReference; lastKnownFileType = sourcecode.swift; path = "sheet-AddSource.swift"; sourceTree = "<group>"; };
		2ACAD4B02C7B24F400B706D1 /* view-VideoConfiguration.swift */ = {isa = PBXFileReference; lastKnownFileType = sourcecode.swift; path = "view-VideoConfiguration.swift"; sourceTree = "<group>"; };
		2ACAD4B32C7B2D7700B706D1 /* MetalService.swift */ = {isa = PBXFileReference; lastKnownFileType = sourcecode.swift; path = MetalService.swift; sourceTree = "<group>"; };
		2ACAD4B52C7B324300B706D1 /* Shaders.metal */ = {isa = PBXFileReference; lastKnownFileType = sourcecode.metal; path = Shaders.metal; sourceTree = "<group>"; };
		2AEEF31E2C7C1426008F4F13 /* Shared.swift */ = {isa = PBXFileReference; lastKnownFileType = sourcecode.swift; path = Shared.swift; sourceTree = "<group>"; };
		2AEEF3AA2C7C411E008F4F13 /* ScreenRecorder2.swift */ = {isa = PBXFileReference; lastKnownFileType = sourcecode.swift; path = ScreenRecorder2.swift; sourceTree = "<group>"; };
		2AEEF3AC2C7C4A05008F4F13 /* ScreenRecorder3.swift */ = {isa = PBXFileReference; lastKnownFileType = sourcecode.swift; path = ScreenRecorder3.swift; sourceTree = "<group>"; };
		2AEEF3AE2C7C580B008F4F13 /* OutputService.swift */ = {isa = PBXFileReference; lastKnownFileType = sourcecode.swift; path = OutputService.swift; sourceTree = "<group>"; };
		2AEEF3B02C7C7463008F4F13 /* VideoWriterService.swift */ = {isa = PBXFileReference; lastKnownFileType = sourcecode.swift; path = VideoWriterService.swift; sourceTree = "<group>"; };
		2AEEF3B22C7CA7A7008F4F13 /* utility-ImageUtility.swift */ = {isa = PBXFileReference; lastKnownFileType = sourcecode.swift; path = "utility-ImageUtility.swift"; sourceTree = "<group>"; };
/* End PBXFileReference section */

/* Begin PBXFrameworksBuildPhase section */
		2A54A2F62C5ECD2900D657BC /* Frameworks */ = {
			isa = PBXFrameworksBuildPhase;
			buildActionMask = 2147483647;
			files = (
			);
			runOnlyForDeploymentPostprocessing = 0;
		};
		2A8D2A472C68828B00E1B5EF /* Frameworks */ = {
			isa = PBXFrameworksBuildPhase;
			buildActionMask = 2147483647;
			files = (
			);
			runOnlyForDeploymentPostprocessing = 0;
		};
/* End PBXFrameworksBuildPhase section */

/* Begin PBXGroup section */
		2A3AFDEA2C69D0630046718B /* Utility */ = {
			isa = PBXGroup;
			children = (
				2A3AFDEB2C69D0730046718B /* view-MouseEvent.swift */,
			);
			path = Utility;
			sourceTree = "<group>";
		};
		2A54A2F02C5ECD2900D657BC = {
			isa = PBXGroup;
			children = (
				2AEEF31E2C7C1426008F4F13 /* Shared.swift */,
				2A54A3442C6060E000D657BC /* Utility */,
				2A54A2FB2C5ECD2900D657BC /* castr */,
				2A8D2A4B2C68828B00E1B5EF /* virtualcamera */,
				2A54A2FA2C5ECD2900D657BC /* Products */,
			);
			sourceTree = "<group>";
		};
		2A54A2FA2C5ECD2900D657BC /* Products */ = {
			isa = PBXGroup;
			children = (
				2A54A2F92C5ECD2900D657BC /* castr.app */,
				2A8D2A4A2C68828B00E1B5EF /* harrisonhall.castr.virtualcamera.systemextension */,
			);
			name = Products;
			sourceTree = "<group>";
		};
		2A54A2FB2C5ECD2900D657BC /* castr */ = {
			isa = PBXGroup;
			children = (
				2A54A2FC2C5ECD2900D657BC /* main.swift */,
				2A54A30B2C5ED7A300D657BC /* Views */,
				2A54A3202C5F37BF00D657BC /* Styles */,
				2A54A3392C603E0E00D657BC /* Enums */,
				2A54A3322C601AF800D657BC /* Models */,
				2A54A30E2C5EF2CA00D657BC /* State */,
				2ACAD4A42C7B0B5900B706D1 /* Modifiers */,
				2ACAD4B22C7B2D6200B706D1 /* Services */,
				2A54A3052C5ECD2B00D657BC /* castr.entitlements */,
				2A54A3002C5ECD2B00D657BC /* Assets.xcassets */,
				2A54A3022C5ECD2B00D657BC /* Preview Content */,
				2ACAD49B2C7B0A9E00B706D1 /* material-Transparent.swift */,
			);
			path = castr;
			sourceTree = "<group>";
		};
		2A54A3022C5ECD2B00D657BC /* Preview Content */ = {
			isa = PBXGroup;
			children = (
				2A54A3032C5ECD2B00D657BC /* Preview Assets.xcassets */,
			);
			path = "Preview Content";
			sourceTree = "<group>";
		};
		2A54A30B2C5ED7A300D657BC /* Views */ = {
			isa = PBXGroup;
			children = (
				2A54A3162C5F096C00D657BC /* view-MainContent.swift */,
				2ACAD4992C7B0A6C00B706D1 /* view-Titlebar.swift */,
				2A54A3292C5F428400D657BC /* view-Previewer.swift */,
				2ACAD49D2C7B0AC900B706D1 /* Preferences */,
				2A3AFDEA2C69D0630046718B /* Utility */,
				2A54A32B2C5FF70500D657BC /* SourceConfiguration */,
				2ACAD4AF2C7B1BEB00B706D1 /* Sheets */,
				2A914AEC2C7ED9A2003174BB /* view-TestFlip.swift */,
			);
			path = Views;
			sourceTree = "<group>";
		};
		2A54A30E2C5EF2CA00D657BC /* State */ = {
			isa = PBXGroup;
			children = (
				2ACAD4972C7B0A4800B706D1 /* state-App.swift */,
				2A8D2A162C657BB400E1B5EF /* state-Global.swift */,
				2A54A3332C60239D00D657BC /* state-Scenes.swift */,
				2A54A3372C60395500D657BC /* state-Sources.swift */,
				2ACAD4A02C7B0B0400B706D1 /* state-Settings.swift */,
			);
			path = State;
			sourceTree = "<group>";
		};
		2A54A3202C5F37BF00D657BC /* Styles */ = {
			isa = PBXGroup;
			children = (
				2A54A3212C5F37D300D657BC /* style-Text.swift */,
				2A54A3232C5F38E600D657BC /* style-Spacer.swift */,
				2ACAD4A22C7B0B1F00B706D1 /* style-Groupbox.swift */,
				2ACAD4A72C7B0B8B00B706D1 /* style-ToolbarButton.swift */,
				2ACAD4AB2C7B0C2B00B706D1 /* style-PanelStyles.swift */,
			);
			path = Styles;
			sourceTree = "<group>";
		};
		2A54A32B2C5FF70500D657BC /* SourceConfiguration */ = {
			isa = PBXGroup;
			children = (
				2A54A32C2C5FF73100D657BC /* view-ScreenCaptureConfiguration.swift */,
				2ACAD4B02C7B24F400B706D1 /* view-VideoConfiguration.swift */,
				2A54A32E2C5FF78900D657BC /* view-WindowCaptureConfiguration.swift */,
				2A8D2A1D2C671DAD00E1B5EF /* view-ImageConfiguration.swift */,
				2A8D2A1F2C671DBC00E1B5EF /* view-ColorConfiguration.swift */,
				2A8D2A212C6733BD00E1B5EF /* view-TextConfiguration.swift */,
				2A54A3302C5FF8D700D657BC /* view-SystemAudioCaptureConfiguration.swift */,
			);
			path = SourceConfiguration;
			sourceTree = "<group>";
		};
		2A54A3322C601AF800D657BC /* Models */ = {
			isa = PBXGroup;
			children = (
				2A54A3352C60251C00D657BC /* model-Scene.swift */,
				2A54A33C2C603E9C00D657BC /* model-Source.swift */,
				2A8D2A192C66C48A00E1B5EF /* protocol-Source.swift */,
				2ACAD4A92C7B0C1100B706D1 /* modelView-ContentModel.swift */,
			);
			path = Models;
			sourceTree = "<group>";
		};
		2A54A3392C603E0E00D657BC /* Enums */ = {
			isa = PBXGroup;
			children = (
				2A54A33A2C603E2200D657BC /* enum-Source.swift */,
			);
			path = Enums;
			sourceTree = "<group>";
		};
		2A54A3442C6060E000D657BC /* Utility */ = {
			isa = PBXGroup;
			children = (
				2A54A3452C60611B00D657BC /* ScreenRecorder.swift */,
				2AEEF3AA2C7C411E008F4F13 /* ScreenRecorder2.swift */,
				2AEEF3AC2C7C4A05008F4F13 /* ScreenRecorder3.swift */,
				2A54A3472C60619B00D657BC /* CaptureEngine.swift */,
				2AEEF3B22C7CA7A7008F4F13 /* utility-ImageUtility.swift */,
				2A8D2A242C674B3300E1B5EF /* SystemExtensionManager.swift */,
				2A3AFDE82C69CEE60046718B /* MouseListener.swift */,
				2A9122BA2C7022D0005194AC /* CameraViewModel.swift */,
				2A9122C02C7033DB005194AC /* VirtualCameraConnecterDraft.swift */,
				2A9122C22C703DB2005194AC /* virtualcamerahelper.swift */,
			);
			path = Utility;
			sourceTree = "<group>";
		};
		2A8D2A4B2C68828B00E1B5EF /* virtualcamera */ = {
			isa = PBXGroup;
			children = (
				2A8D2A4E2C68828B00E1B5EF /* main.swift */,
				2A9122B82C7021F8005194AC /* Configuration.swift */,
				2A9122CF2C712B1A005194AC /* Provider */,
				2A9122D02C712B26005194AC /* Device */,
				2A9122D12C712B45005194AC /* Stream */,
				2A8D2A502C68828B00E1B5EF /* Info.plist */,
				2A8D2A512C68828B00E1B5EF /* virtualcamera.entitlements */,
			);
			path = virtualcamera;
			sourceTree = "<group>";
		};
		2A9122CF2C712B1A005194AC /* Provider */ = {
			isa = PBXGroup;
			children = (
				2A9122C92C712A9A005194AC /* Provider.swift */,
			);
			path = Provider;
			sourceTree = "<group>";
		};
		2A9122D02C712B26005194AC /* Device */ = {
			isa = PBXGroup;
			children = (
				2A9122CB2C712AA8005194AC /* Device.swift */,
			);
			path = Device;
			sourceTree = "<group>";
		};
		2A9122D12C712B45005194AC /* Stream */ = {
			isa = PBXGroup;
			children = (
				2A9122CD2C712AB5005194AC /* Stream-Source.swift */,
				2A9122D22C712B52005194AC /* Stream-Sink.swift */,
			);
			path = Stream;
			sourceTree = "<group>";
		};
		2ACAD49D2C7B0AC900B706D1 /* Preferences */ = {
			isa = PBXGroup;
			children = (
				2ACAD49E2C7B0ADB00B706D1 /* view-PreferencesWindow.swift */,
			);
			path = Preferences;
			sourceTree = "<group>";
		};
		2ACAD4A42C7B0B5900B706D1 /* Modifiers */ = {
			isa = PBXGroup;
			children = (
				2ACAD4A52C7B0B6C00B706D1 /* modifier-OnMouseDown.swift */,
			);
			path = Modifiers;
			sourceTree = "<group>";
		};
		2ACAD4AF2C7B1BEB00B706D1 /* Sheets */ = {
			isa = PBXGroup;
			children = (
				2ACAD4AD2C7B118200B706D1 /* sheet-AddSource.swift */,
			);
			path = Sheets;
			sourceTree = "<group>";
		};
		2ACAD4B22C7B2D6200B706D1 /* Services */ = {
			isa = PBXGroup;
			children = (
				2ACAD4B32C7B2D7700B706D1 /* MetalService.swift */,
				2AEEF3AE2C7C580B008F4F13 /* OutputService.swift */,
				2AEEF3B02C7C7463008F4F13 /* VideoWriterService.swift */,
				2ACAD4B52C7B324300B706D1 /* Shaders.metal */,
				2A3FD5272C7E37B700B905CD /* Shaders2.metal */,
			);
			path = Services;
			sourceTree = "<group>";
		};
/* End PBXGroup section */

/* Begin PBXNativeTarget section */
		2A54A2F82C5ECD2900D657BC /* castr */ = {
			isa = PBXNativeTarget;
			buildConfigurationList = 2A54A3082C5ECD2B00D657BC /* Build configuration list for PBXNativeTarget "castr" */;
			buildPhases = (
				2A54A2F52C5ECD2900D657BC /* Sources */,
				2A54A2F62C5ECD2900D657BC /* Frameworks */,
				2A54A2F72C5ECD2900D657BC /* Resources */,
				2A8D2A582C68828B00E1B5EF /* Embed System Extensions */,
				2AEEF3352C7C2E55008F4F13 /* Embed XPC Services */,
			);
			buildRules = (
			);
			dependencies = (
				2A8D2A532C68828B00E1B5EF /* PBXTargetDependency */,
			);
			name = castr;
			productName = castr;
			productReference = 2A54A2F92C5ECD2900D657BC /* castr.app */;
			productType = "com.apple.product-type.application";
		};
		2A8D2A492C68828B00E1B5EF /* virtualcamera */ = {
			isa = PBXNativeTarget;
			buildConfigurationList = 2A8D2A552C68828B00E1B5EF /* Build configuration list for PBXNativeTarget "virtualcamera" */;
			buildPhases = (
				2A8D2A462C68828B00E1B5EF /* Sources */,
				2A8D2A472C68828B00E1B5EF /* Frameworks */,
				2A8D2A482C68828B00E1B5EF /* Resources */,
			);
			buildRules = (
			);
			dependencies = (
			);
			name = virtualcamera;
			productName = virtualcamera;
			productReference = 2A8D2A4A2C68828B00E1B5EF /* harrisonhall.castr.virtualcamera.systemextension */;
			productType = "com.apple.product-type.system-extension";
		};
/* End PBXNativeTarget section */

/* Begin PBXProject section */
		2A54A2F12C5ECD2900D657BC /* Project object */ = {
			isa = PBXProject;
			attributes = {
				BuildIndependentTargetsInParallel = 1;
				LastSwiftUpdateCheck = 1520;
				LastUpgradeCheck = 1520;
				TargetAttributes = {
					2A54A2F82C5ECD2900D657BC = {
						CreatedOnToolsVersion = 15.2;
					};
					2A8D2A492C68828B00E1B5EF = {
						CreatedOnToolsVersion = 15.2;
					};
				};
			};
			buildConfigurationList = 2A54A2F42C5ECD2900D657BC /* Build configuration list for PBXProject "castr" */;
			compatibilityVersion = "Xcode 14.0";
			developmentRegion = en;
			hasScannedForEncodings = 0;
			knownRegions = (
				en,
				Base,
			);
			mainGroup = 2A54A2F02C5ECD2900D657BC;
			productRefGroup = 2A54A2FA2C5ECD2900D657BC /* Products */;
			projectDirPath = "";
			projectRoot = "";
			targets = (
				2A54A2F82C5ECD2900D657BC /* castr */,
				2A8D2A492C68828B00E1B5EF /* virtualcamera */,
			);
		};
/* End PBXProject section */

/* Begin PBXResourcesBuildPhase section */
		2A54A2F72C5ECD2900D657BC /* Resources */ = {
			isa = PBXResourcesBuildPhase;
			buildActionMask = 2147483647;
			files = (
				2A54A3042C5ECD2B00D657BC /* Preview Assets.xcassets in Resources */,
				2A54A3012C5ECD2B00D657BC /* Assets.xcassets in Resources */,
				2AEEF31C2C7C1336008F4F13 /* Info.plist in Resources */,
			);
			runOnlyForDeploymentPostprocessing = 0;
		};
		2A8D2A482C68828B00E1B5EF /* Resources */ = {
			isa = PBXResourcesBuildPhase;
			buildActionMask = 2147483647;
			files = (
				2AEEF31D2C7C1336008F4F13 /* Info.plist in Resources */,
			);
			runOnlyForDeploymentPostprocessing = 0;
		};
/* End PBXResourcesBuildPhase section */

/* Begin PBXSourcesBuildPhase section */
		2A54A2F52C5ECD2900D657BC /* Sources */ = {
			isa = PBXSourcesBuildPhase;
			buildActionMask = 2147483647;
			files = (
				2AEEF31F2C7C1426008F4F13 /* Shared.swift in Sources */,
				2A54A2FD2C5ECD2900D657BC /* main.swift in Sources */,
				2A54A3312C5FF8D700D657BC /* view-SystemAudioCaptureConfiguration.swift in Sources */,
				2A54A3172C5F096C00D657BC /* view-MainContent.swift in Sources */,
				2ACAD49A2C7B0A6C00B706D1 /* view-Titlebar.swift in Sources */,
				2ACAD4B12C7B24F400B706D1 /* view-VideoConfiguration.swift in Sources */,
				2A3AFDEC2C69D0730046718B /* view-MouseEvent.swift in Sources */,
				2AEEF3AB2C7C411E008F4F13 /* ScreenRecorder2.swift in Sources */,
				2ACAD4982C7B0A4800B706D1 /* state-App.swift in Sources */,
				2A54A33D2C603E9C00D657BC /* model-Source.swift in Sources */,
				2A8D2A252C674B3300E1B5EF /* SystemExtensionManager.swift in Sources */,
				2A8D2A1E2C671DAD00E1B5EF /* view-ImageConfiguration.swift in Sources */,
				2ACAD4A62C7B0B6C00B706D1 /* modifier-OnMouseDown.swift in Sources */,
				2A8D2A202C671DBC00E1B5EF /* view-ColorConfiguration.swift in Sources */,
				2A9122BC2C702508005194AC /* CameraViewModel.swift in Sources */,
				2ACAD4B62C7B324300B706D1 /* Shaders.metal in Sources */,
				2AEEF3B12C7C7463008F4F13 /* VideoWriterService.swift in Sources */,
				2AEEF3AF2C7C580B008F4F13 /* OutputService.swift in Sources */,
				2A54A3462C60611B00D657BC /* ScreenRecorder.swift in Sources */,
				2A914AED2C7ED9A2003174BB /* view-TestFlip.swift in Sources */,
				2A54A3222C5F37D300D657BC /* style-Text.swift in Sources */,
				2ACAD4A82C7B0B8B00B706D1 /* style-ToolbarButton.swift in Sources */,
				2A9122C32C703DB2005194AC /* virtualcamerahelper.swift in Sources */,
				2A54A33B2C603E2200D657BC /* enum-Source.swift in Sources */,
				2A54A32F2C5FF78900D657BC /* view-WindowCaptureConfiguration.swift in Sources */,
				2ACAD4AC2C7B0C2B00B706D1 /* style-PanelStyles.swift in Sources */,
				2A9122BF2C702D46005194AC /* Configuration.swift in Sources */,
				2ACAD4A32C7B0B1F00B706D1 /* style-Groupbox.swift in Sources */,
				2A8D2A1A2C66C48A00E1B5EF /* protocol-Source.swift in Sources */,
				2ACAD49F2C7B0ADB00B706D1 /* view-PreferencesWindow.swift in Sources */,
				2A54A32A2C5F428400D657BC /* view-Previewer.swift in Sources */,
				2ACAD4B42C7B2D7700B706D1 /* MetalService.swift in Sources */,
				2AEEF3B32C7CA7A7008F4F13 /* utility-ImageUtility.swift in Sources */,
				2A54A32D2C5FF73100D657BC /* view-ScreenCaptureConfiguration.swift in Sources */,
				2ACAD4AA2C7B0C1100B706D1 /* modelView-ContentModel.swift in Sources */,
				2ACAD4AE2C7B118200B706D1 /* sheet-AddSource.swift in Sources */,
				2A8D2A172C657BB400E1B5EF /* state-Global.swift in Sources */,
				2ACAD4A12C7B0B0400B706D1 /* state-Settings.swift in Sources */,
				2ACAD49C2C7B0A9E00B706D1 /* material-Transparent.swift in Sources */,
				2A54A3342C60239D00D657BC /* state-Scenes.swift in Sources */,
				2A54A3362C60251C00D657BC /* model-Scene.swift in Sources */,
				2A9122C12C7033DB005194AC /* VirtualCameraConnecterDraft.swift in Sources */,
				2A3AFDE92C69CEE60046718B /* MouseListener.swift in Sources */,
				2A54A3382C60395500D657BC /* state-Sources.swift in Sources */,
				2A3FD5282C7E37B700B905CD /* Shaders2.metal in Sources */,
				2A8D2A222C6733BD00E1B5EF /* view-TextConfiguration.swift in Sources */,
				2AEEF3AD2C7C4A05008F4F13 /* ScreenRecorder3.swift in Sources */,
				2A54A3482C60619B00D657BC /* CaptureEngine.swift in Sources */,
				2A54A3242C5F38E600D657BC /* style-Spacer.swift in Sources */,
			);
			runOnlyForDeploymentPostprocessing = 0;
		};
		2A8D2A462C68828B00E1B5EF /* Sources */ = {
			isa = PBXSourcesBuildPhase;
			buildActionMask = 2147483647;
			files = (
				2AEEF3202C7C15FB008F4F13 /* Shared.swift in Sources */,
				2A9122CA2C712A9A005194AC /* Provider.swift in Sources */,
				2A8D2A4F2C68828B00E1B5EF /* main.swift in Sources */,
				2A9122D32C712B52005194AC /* Stream-Sink.swift in Sources */,
				2A9122CE2C712AB5005194AC /* Stream-Source.swift in Sources */,
				2A9122C42C703FA1005194AC /* Configuration.swift in Sources */,
				2A9122CC2C712AA8005194AC /* Device.swift in Sources */,
			);
			runOnlyForDeploymentPostprocessing = 0;
		};
/* End PBXSourcesBuildPhase section */

/* Begin PBXTargetDependency section */
		2A8D2A532C68828B00E1B5EF /* PBXTargetDependency */ = {
			isa = PBXTargetDependency;
			target = 2A8D2A492C68828B00E1B5EF /* virtualcamera */;
			targetProxy = 2A8D2A522C68828B00E1B5EF /* PBXContainerItemProxy */;
		};
/* End PBXTargetDependency section */

/* Begin XCBuildConfiguration section */
		2A54A3062C5ECD2B00D657BC /* Debug */ = {
			isa = XCBuildConfiguration;
			buildSettings = {
				ALWAYS_SEARCH_USER_PATHS = NO;
				ASSETCATALOG_COMPILER_GENERATE_SWIFT_ASSET_SYMBOL_EXTENSIONS = YES;
				CLANG_ANALYZER_NONNULL = YES;
				CLANG_ANALYZER_NUMBER_OBJECT_CONVERSION = YES_AGGRESSIVE;
				CLANG_CXX_LANGUAGE_STANDARD = "gnu++20";
				CLANG_ENABLE_MODULES = YES;
				CLANG_ENABLE_OBJC_ARC = YES;
				CLANG_ENABLE_OBJC_WEAK = YES;
				CLANG_WARN_BLOCK_CAPTURE_AUTORELEASING = YES;
				CLANG_WARN_BOOL_CONVERSION = YES;
				CLANG_WARN_COMMA = YES;
				CLANG_WARN_CONSTANT_CONVERSION = YES;
				CLANG_WARN_DEPRECATED_OBJC_IMPLEMENTATIONS = YES;
				CLANG_WARN_DIRECT_OBJC_ISA_USAGE = YES_ERROR;
				CLANG_WARN_DOCUMENTATION_COMMENTS = YES;
				CLANG_WARN_EMPTY_BODY = YES;
				CLANG_WARN_ENUM_CONVERSION = YES;
				CLANG_WARN_INFINITE_RECURSION = YES;
				CLANG_WARN_INT_CONVERSION = YES;
				CLANG_WARN_NON_LITERAL_NULL_CONVERSION = YES;
				CLANG_WARN_OBJC_IMPLICIT_RETAIN_SELF = YES;
				CLANG_WARN_OBJC_LITERAL_CONVERSION = YES;
				CLANG_WARN_OBJC_ROOT_CLASS = YES_ERROR;
				CLANG_WARN_QUOTED_INCLUDE_IN_FRAMEWORK_HEADER = YES;
				CLANG_WARN_RANGE_LOOP_ANALYSIS = YES;
				CLANG_WARN_STRICT_PROTOTYPES = YES;
				CLANG_WARN_SUSPICIOUS_MOVE = YES;
				CLANG_WARN_UNGUARDED_AVAILABILITY = YES_AGGRESSIVE;
				CLANG_WARN_UNREACHABLE_CODE = YES;
				CLANG_WARN__DUPLICATE_METHOD_MATCH = YES;
				COPY_PHASE_STRIP = NO;
				DEBUG_INFORMATION_FORMAT = dwarf;
				ENABLE_STRICT_OBJC_MSGSEND = YES;
				ENABLE_TESTABILITY = YES;
				ENABLE_USER_SCRIPT_SANDBOXING = YES;
				GCC_C_LANGUAGE_STANDARD = gnu17;
				GCC_DYNAMIC_NO_PIC = NO;
				GCC_NO_COMMON_BLOCKS = YES;
				GCC_OPTIMIZATION_LEVEL = 0;
				GCC_PREPROCESSOR_DEFINITIONS = (
					"DEBUG=1",
					"$(inherited)",
				);
				GCC_WARN_64_TO_32_BIT_CONVERSION = YES;
				GCC_WARN_ABOUT_RETURN_TYPE = YES_ERROR;
				GCC_WARN_UNDECLARED_SELECTOR = YES;
				GCC_WARN_UNINITIALIZED_AUTOS = YES_AGGRESSIVE;
				GCC_WARN_UNUSED_FUNCTION = YES;
				GCC_WARN_UNUSED_VARIABLE = YES;
				LOCALIZATION_PREFERS_STRING_CATALOGS = YES;
				MACOSX_DEPLOYMENT_TARGET = 14.2;
				MTL_ENABLE_DEBUG_INFO = INCLUDE_SOURCE;
				MTL_FAST_MATH = YES;
				ONLY_ACTIVE_ARCH = YES;
				SDKROOT = macosx;
				SWIFT_ACTIVE_COMPILATION_CONDITIONS = "DEBUG $(inherited)";
				SWIFT_OPTIMIZATION_LEVEL = "-Onone";
			};
			name = Debug;
		};
		2A54A3072C5ECD2B00D657BC /* Release */ = {
			isa = XCBuildConfiguration;
			buildSettings = {
				ALWAYS_SEARCH_USER_PATHS = NO;
				ASSETCATALOG_COMPILER_GENERATE_SWIFT_ASSET_SYMBOL_EXTENSIONS = YES;
				CLANG_ANALYZER_NONNULL = YES;
				CLANG_ANALYZER_NUMBER_OBJECT_CONVERSION = YES_AGGRESSIVE;
				CLANG_CXX_LANGUAGE_STANDARD = "gnu++20";
				CLANG_ENABLE_MODULES = YES;
				CLANG_ENABLE_OBJC_ARC = YES;
				CLANG_ENABLE_OBJC_WEAK = YES;
				CLANG_WARN_BLOCK_CAPTURE_AUTORELEASING = YES;
				CLANG_WARN_BOOL_CONVERSION = YES;
				CLANG_WARN_COMMA = YES;
				CLANG_WARN_CONSTANT_CONVERSION = YES;
				CLANG_WARN_DEPRECATED_OBJC_IMPLEMENTATIONS = YES;
				CLANG_WARN_DIRECT_OBJC_ISA_USAGE = YES_ERROR;
				CLANG_WARN_DOCUMENTATION_COMMENTS = YES;
				CLANG_WARN_EMPTY_BODY = YES;
				CLANG_WARN_ENUM_CONVERSION = YES;
				CLANG_WARN_INFINITE_RECURSION = YES;
				CLANG_WARN_INT_CONVERSION = YES;
				CLANG_WARN_NON_LITERAL_NULL_CONVERSION = YES;
				CLANG_WARN_OBJC_IMPLICIT_RETAIN_SELF = YES;
				CLANG_WARN_OBJC_LITERAL_CONVERSION = YES;
				CLANG_WARN_OBJC_ROOT_CLASS = YES_ERROR;
				CLANG_WARN_QUOTED_INCLUDE_IN_FRAMEWORK_HEADER = YES;
				CLANG_WARN_RANGE_LOOP_ANALYSIS = YES;
				CLANG_WARN_STRICT_PROTOTYPES = YES;
				CLANG_WARN_SUSPICIOUS_MOVE = YES;
				CLANG_WARN_UNGUARDED_AVAILABILITY = YES_AGGRESSIVE;
				CLANG_WARN_UNREACHABLE_CODE = YES;
				CLANG_WARN__DUPLICATE_METHOD_MATCH = YES;
				COPY_PHASE_STRIP = NO;
				DEBUG_INFORMATION_FORMAT = "dwarf-with-dsym";
				ENABLE_NS_ASSERTIONS = NO;
				ENABLE_STRICT_OBJC_MSGSEND = YES;
				ENABLE_USER_SCRIPT_SANDBOXING = YES;
				GCC_C_LANGUAGE_STANDARD = gnu17;
				GCC_NO_COMMON_BLOCKS = YES;
				GCC_WARN_64_TO_32_BIT_CONVERSION = YES;
				GCC_WARN_ABOUT_RETURN_TYPE = YES_ERROR;
				GCC_WARN_UNDECLARED_SELECTOR = YES;
				GCC_WARN_UNINITIALIZED_AUTOS = YES_AGGRESSIVE;
				GCC_WARN_UNUSED_FUNCTION = YES;
				GCC_WARN_UNUSED_VARIABLE = YES;
				LOCALIZATION_PREFERS_STRING_CATALOGS = YES;
				MACOSX_DEPLOYMENT_TARGET = 14.2;
				MTL_ENABLE_DEBUG_INFO = NO;
				MTL_FAST_MATH = YES;
				SDKROOT = macosx;
				SWIFT_COMPILATION_MODE = wholemodule;
			};
			name = Release;
		};
		2A54A3092C5ECD2B00D657BC /* Debug */ = {
			isa = XCBuildConfiguration;
			buildSettings = {
				ALWAYS_EMBED_SWIFT_STANDARD_LIBRARIES = YES;
				ASSETCATALOG_COMPILER_APPICON_NAME = AppIcon;
				ASSETCATALOG_COMPILER_GLOBAL_ACCENT_COLOR_NAME = AccentColor;
				ASSETCATALOG_COMPILER_INCLUDE_ALL_APPICON_ASSETS = YES;
				CODE_SIGN_ENTITLEMENTS = castr/castr.entitlements;
				CODE_SIGN_STYLE = Automatic;
				COMBINE_HIDPI_IMAGES = YES;
				CURRENT_PROJECT_VERSION = 1;
				DEVELOPMENT_ASSET_PATHS = "\"castr/Preview Content\"";
				DEVELOPMENT_TEAM = 67C4BBFCAC;
				ENABLE_HARDENED_RUNTIME = YES;
				ENABLE_PREVIEWS = YES;
				GENERATE_INFOPLIST_FILE = YES;
				INFOPLIST_FILE = castr/Info.plist;
				INFOPLIST_KEY_CFBundleDisplayName = Castr;
				INFOPLIST_KEY_LSApplicationCategoryType = "public.app-category.video";
				INFOPLIST_KEY_NSCameraUsageDescription = "Castr needs access to your microphone in order to capture your screen.";
				INFOPLIST_KEY_NSHumanReadableCopyright = "";
				INFOPLIST_KEY_NSMicrophoneUsageDescription = "Castr needs access to your microphone in order to capture your audio.";
				LD_RUNPATH_SEARCH_PATHS = (
					"$(inherited)",
					"@executable_path/../Frameworks",
				);
				MARKETING_VERSION = 1.0;
				PRODUCT_BUNDLE_IDENTIFIER = harrisonhall.castr;
				PRODUCT_NAME = "$(TARGET_NAME)";
				SWIFT_EMIT_LOC_STRINGS = YES;
				SWIFT_VERSION = 5.0;
			};
			name = Debug;
		};
		2A54A30A2C5ECD2B00D657BC /* Release */ = {
			isa = XCBuildConfiguration;
			buildSettings = {
				ALWAYS_EMBED_SWIFT_STANDARD_LIBRARIES = YES;
				ASSETCATALOG_COMPILER_APPICON_NAME = AppIcon;
				ASSETCATALOG_COMPILER_GLOBAL_ACCENT_COLOR_NAME = AccentColor;
				ASSETCATALOG_COMPILER_INCLUDE_ALL_APPICON_ASSETS = YES;
				CODE_SIGN_ENTITLEMENTS = castr/castr.entitlements;
				CODE_SIGN_STYLE = Automatic;
				COMBINE_HIDPI_IMAGES = YES;
				CURRENT_PROJECT_VERSION = 1;
				DEVELOPMENT_ASSET_PATHS = "\"castr/Preview Content\"";
				DEVELOPMENT_TEAM = 67C4BBFCAC;
				ENABLE_HARDENED_RUNTIME = YES;
				ENABLE_PREVIEWS = YES;
				GENERATE_INFOPLIST_FILE = YES;
				INFOPLIST_FILE = castr/Info.plist;
				INFOPLIST_KEY_CFBundleDisplayName = Castr;
				INFOPLIST_KEY_LSApplicationCategoryType = "public.app-category.video";
				INFOPLIST_KEY_NSCameraUsageDescription = "Castr needs access to your microphone in order to capture your screen.";
				INFOPLIST_KEY_NSHumanReadableCopyright = "";
				INFOPLIST_KEY_NSMicrophoneUsageDescription = "Castr needs access to your microphone in order to capture your audio.";
				LD_RUNPATH_SEARCH_PATHS = (
					"$(inherited)",
					"@executable_path/../Frameworks",
				);
				MARKETING_VERSION = 1.0;
				PRODUCT_BUNDLE_IDENTIFIER = harrisonhall.castr;
				PRODUCT_NAME = "$(TARGET_NAME)";
				SWIFT_EMIT_LOC_STRINGS = YES;
				SWIFT_VERSION = 5.0;
			};
			name = Release;
		};
		2A8D2A562C68828B00E1B5EF /* Debug */ = {
			isa = XCBuildConfiguration;
			buildSettings = {
				CODE_SIGN_ENTITLEMENTS = virtualcamera/virtualcamera.entitlements;
				CODE_SIGN_STYLE = Automatic;
				CURRENT_PROJECT_VERSION = 1;
				DEVELOPMENT_TEAM = 67C4BBFCAC;
				ENABLE_HARDENED_RUNTIME = YES;
				GENERATE_INFOPLIST_FILE = YES;
				INFOPLIST_FILE = virtualcamera/Info.plist;
				INFOPLIST_KEY_CFBundleDisplayName = virtualcamera;
				INFOPLIST_KEY_NSHumanReadableCopyright = "";
				LD_RUNPATH_SEARCH_PATHS = (
					"$(inherited)",
					"@executable_path/../Frameworks",
					"@executable_path/../../../../Frameworks",
				);
				MARKETING_VERSION = 1.0;
				PRODUCT_BUNDLE_IDENTIFIER = harrisonhall.castr.virtualcamera;
				PRODUCT_NAME = "$(inherited)";
				SKIP_INSTALL = YES;
				SWIFT_EMIT_LOC_STRINGS = YES;
				SWIFT_VERSION = 5.0;
			};
			name = Debug;
		};
		2A8D2A572C68828B00E1B5EF /* Release */ = {
			isa = XCBuildConfiguration;
			buildSettings = {
				CODE_SIGN_ENTITLEMENTS = virtualcamera/virtualcamera.entitlements;
				CODE_SIGN_STYLE = Automatic;
				CURRENT_PROJECT_VERSION = 1;
				DEVELOPMENT_TEAM = 67C4BBFCAC;
				ENABLE_HARDENED_RUNTIME = YES;
				GENERATE_INFOPLIST_FILE = YES;
				INFOPLIST_FILE = virtualcamera/Info.plist;
				INFOPLIST_KEY_CFBundleDisplayName = virtualcamera;
				INFOPLIST_KEY_NSHumanReadableCopyright = "";
				LD_RUNPATH_SEARCH_PATHS = (
					"$(inherited)",
					"@executable_path/../Frameworks",
					"@executable_path/../../../../Frameworks",
				);
				MARKETING_VERSION = 1.0;
				PRODUCT_BUNDLE_IDENTIFIER = harrisonhall.castr.virtualcamera;
				PRODUCT_NAME = "$(inherited)";
				SKIP_INSTALL = YES;
				SWIFT_EMIT_LOC_STRINGS = YES;
				SWIFT_VERSION = 5.0;
			};
			name = Release;
		};
/* End XCBuildConfiguration section */

/* Begin XCConfigurationList section */
		2A54A2F42C5ECD2900D657BC /* Build configuration list for PBXProject "castr" */ = {
			isa = XCConfigurationList;
			buildConfigurations = (
				2A54A3062C5ECD2B00D657BC /* Debug */,
				2A54A3072C5ECD2B00D657BC /* Release */,
			);
			defaultConfigurationIsVisible = 0;
			defaultConfigurationName = Release;
		};
		2A54A3082C5ECD2B00D657BC /* Build configuration list for PBXNativeTarget "castr" */ = {
			isa = XCConfigurationList;
			buildConfigurations = (
				2A54A3092C5ECD2B00D657BC /* Debug */,
				2A54A30A2C5ECD2B00D657BC /* Release */,
			);
			defaultConfigurationIsVisible = 0;
			defaultConfigurationName = Release;
		};
		2A8D2A552C68828B00E1B5EF /* Build configuration list for PBXNativeTarget "virtualcamera" */ = {
			isa = XCConfigurationList;
			buildConfigurations = (
				2A8D2A562C68828B00E1B5EF /* Debug */,
				2A8D2A572C68828B00E1B5EF /* Release */,
			);
			defaultConfigurationIsVisible = 0;
			defaultConfigurationName = Release;
		};
/* End XCConfigurationList section */
	};
	rootObject = 2A54A2F12C5ECD2900D657BC /* Project object */;
}
